
Microsoft Visual Studio Solution File, Format Version 12.00
# Visual Studio Version 16
VisualStudioVersion = 16.0.29102.190
MinimumVisualStudioVersion = 10.0.40219.1
Project("{FAE04EC0-301F-11D3-BF4B-00C04F79EFBC}") = "BaseBPB", "BaseBPB\BaseBPB.csproj", "{09B316D6-BABE-49F4-90BF-1B5AEE429A9F}"
EndProject
Global
	GlobalSection(SolutionConfigurationPlatforms) = preSolution
		Debug|Any CPU = Debug|Any CPU
		Release|Any CPU = Release|Any CPU
	EndGlobalSection
	GlobalSection(ProjectConfigurationPlatforms) = postSolution
		{09B316D6-BABE-49F4-90BF-1B5AEE429A9F}.Debug|Any CPU.ActiveCfg = Debug|Any CPU
		{09B316D6-BABE-49F4-90BF-1B5AEE429A9F}.Debug|Any CPU.Build.0 = Debug|Any CPU
		{09B316D6-BABE-49F4-90BF-1B5AEE429A9F}.Release|Any CPU.ActiveCfg = Release|Any CPU
		{09B316D6-BABE-49F4-90BF-1B5AEE429A9F}.Release|Any CPU.Build.0 = Release|Any CPU
	EndGlobalSection
	GlobalSection(SolutionProperties) = preSolution
		HideSolutionNode = FALSE
	EndGlobalSection
	GlobalSection(ExtensibilityGlobals) = postSolution
		SolutionGuid = {7F8A8CB2-5644-4C81-8DBC-E72255E7F7AA}
	EndGlobalSection
EndGlobal
